
Microsoft Visual Studio Solution File, Format Version 12.00
# Visual Studio Version 16
VisualStudioVersion = 16.0.30717.126
MinimumVisualStudioVersion = 10.0.40219.1
Project("{FAE04EC0-301F-11D3-BF4B-00C04F79EFBC}") = "SCUMServerListener", "SCUMServerListener.csproj", "{91E46E9E-65EA-4D3D-936E-A159C96AAE14}"
EndProject
Project("{FAE04EC0-301F-11D3-BF4B-00C04F79EFBC}") = "ServerListener", "..\..\ServerListener\ServerListener\ServerListener.csproj", "{8D8032BF-4C89-4EF4-ABE0-3CA6A920F7D1}"
EndProject
Global
	GlobalSection(SolutionConfigurationPlatforms) = preSolution
		Debug|Any CPU = Debug|Any CPU
		Release|Any CPU = Release|Any CPU
	EndGlobalSection
	GlobalSection(ProjectConfigurationPlatforms) = postSolution
		{91E46E9E-65EA-4D3D-936E-A159C96AAE14}.Debug|Any CPU.ActiveCfg = Debug|Any CPU
		{91E46E9E-65EA-4D3D-936E-A159C96AAE14}.Debug|Any CPU.Build.0 = Debug|Any CPU
		{91E46E9E-65EA-4D3D-936E-A159C96AAE14}.Release|Any CPU.ActiveCfg = Release|Any CPU
		{91E46E9E-65EA-4D3D-936E-A159C96AAE14}.Release|Any CPU.Build.0 = Release|Any CPU
		{8D8032BF-4C89-4EF4-ABE0-3CA6A920F7D1}.Debug|Any CPU.ActiveCfg = Debug|Any CPU
		{8D8032BF-4C89-4EF4-ABE0-3CA6A920F7D1}.Debug|Any CPU.Build.0 = Debug|Any CPU
		{8D8032BF-4C89-4EF4-ABE0-3CA6A920F7D1}.Release|Any CPU.ActiveCfg = Release|Any CPU
		{8D8032BF-4C89-4EF4-ABE0-3CA6A920F7D1}.Release|Any CPU.Build.0 = Release|Any CPU
	EndGlobalSection
	GlobalSection(SolutionProperties) = preSolution
		HideSolutionNode = FALSE
	EndGlobalSection
	GlobalSection(ExtensibilityGlobals) = postSolution
		SolutionGuid = {7B65BF75-3CC6-4AF1-ACB1-6680429173C6}
	EndGlobalSection
EndGlobal
